# This file is automatically @generated by Poetry and should not be changed by hand.

[[package]]
name = "beautifulsoup4"
version = "4.5.1"
description = "Screen-scraping library"
category = "main"
optional = false
python-versions = "*"
files = [
    {file = "beautifulsoup4-4.5.1-py2-none-any.whl", hash = "sha256:bb3dba571c2f7ddcaf3e70ad8b67878a85ac41889dcba75a30b8f7b0b5960b6d"},
    {file = "beautifulsoup4-4.5.1-py3-none-any.whl", hash = "sha256:35815098d9d0bf5d3a782346a3945b000592d0e93e2538a502d0d6807130d675"},
    {file = "beautifulsoup4-4.5.1.tar.gz", hash = "sha256:3c9474036afda9136aac6463def733f81017bf9ef3510d25634f335b0c87f5e1"},
]

[package.extras]
html5lib = ["html5lib"]
lxml = ["lxml"]

[[package]]
name = "certifi"
version = "2022.12.7"
description = "Python package for providing Mozilla's CA Bundle."
category = "main"
optional = false
python-versions = ">=3.6"
files = [
    {file = "certifi-2022.12.7-py3-none-any.whl", hash = "sha256:4ad3232f5e926d6718ec31cfc1fcadfde020920e278684144551c91769c7bc18"},
    {file = "certifi-2022.12.7.tar.gz", hash = "sha256:35824b4c3a97115964b408844d64aa14db1cc518f6562e8d7261699d1350a9e3"},
]

[[package]]
name = "charset-normalizer"
version = "2.0.12"
description = "The Real First Universal Charset Detector. Open, modern and actively maintained alternative to Chardet."
category = "main"
optional = false
python-versions = ">=3.5.0"
files = [
    {file = "charset-normalizer-2.0.12.tar.gz", hash = "sha256:2857e29ff0d34db842cd7ca3230549d1a697f96ee6d3fb071cfa6c7393832597"},
    {file = "charset_normalizer-2.0.12-py3-none-any.whl", hash = "sha256:6881edbebdb17b39b4eaaa821b438bf6eddffb4468cf344f09f89def34a8b1df"},
]

[package.extras]
unicode-backport = ["unicodedata2"]

[[package]]
name = "cloudinary"
version = "1.5.0"
description = "Python and Django SDK for Cloudinary"
category = "main"
optional = false
python-versions = "*"
files = [
    {file = "cloudinary-1.5.0.tar.gz", hash = "sha256:0bad4ae2ee10f371e89bf4f0dba77825d4d6eb1a9b0b9383955a20590a2c62e0"},
]

[package.dependencies]
six = "*"
urllib3 = "*"

[[package]]
name = "currencylayer"
version = "1.0"
description = ""
category = "main"
optional = false
python-versions = "*"
files = []
develop = false

[package.dependencies]
requests = ">=2.9.1"

[package.source]
type = "git"
url = "https://github.com/Said007/currencylayer"
reference = "HEAD"
resolved_reference = "97df8f2fac4b1b8933fbfc773f343e5903035823"

[[package]]
name = "django"
version = "1.9.5"
description = "A high-level Python Web framework that encourages rapid development and clean, pragmatic design."
category = "main"
optional = false
python-versions = "*"
files = [
    {file = "Django-1.9.5-py2.py3-none-any.whl", hash = "sha256:e4aa221fc52f32074f295fc81486e54d35fe176284d6a19c8bf9acaeddd058b4"},
    {file = "Django-1.9.5.tar.gz", hash = "sha256:e54667ad305a29f5895f14108127cc79dabebce2e80c7c6cf852a6495de26aa6"},
]

[package.extras]
bcrypt = ["bcrypt"]

[[package]]
name = "django-debug-toolbar"
version = "1.5"
description = "A configurable set of panels that display various debug information about the current request/response."
category = "main"
optional = false
python-versions = "*"
files = [
    {file = "django-debug-toolbar-1.5.tar.gz", hash = "sha256:1dbb0f07a7ccd94d1df376dec95e7dc6a85219f86eecf8d59c15a5829dd4026f"},
    {file = "django_debug_toolbar-1.5-py2.py3-none-any.whl", hash = "sha256:1416a64ca6035170513588efceddee591562ffac4e9ab2d1eeb72ccb335e04e7"},
]

[package.dependencies]
Django = ">=1.8"
sqlparse = ">=0.2.0"

[[package]]
name = "django-hstore"
version = "1.4.2"
description = "PostgreSQL HStore support for Django"
category = "main"
optional = false
python-versions = "*"
files = [
    {file = "django-hstore-1.4.2.tar.gz", hash = "sha256:d45d7a64a68e7e011c7ff99153286060db48cc7a792a39d6c0e9fe5292da01f7"},
    {file = "django_hstore-1.4.2-py2.py3-none-any.whl", hash = "sha256:85134043da56c4c4bd4c4e10a23b66f4ff84562e6d866b50125e35ba164cf459"},
]

[[package]]
name = "django-mptt"
version = "0.8.3"
description = "Utilities for implementing Modified Preorder Tree Traversal\n        with your Django Models and working with trees of Model instances."
category = "main"
optional = false
python-versions = "*"
files = [
    {file = "django-mptt-0.8.3.tar.gz", hash = "sha256:9c66647f5e8b1296c714e0654390fe16dd5ab0b73b8f112fb58560b8ba16cc48"},
    {file = "django_mptt-0.8.3-py2.py3-none-any.whl", hash = "sha256:e8ea471b0ad4a80772b7c19f4c95f91f41c0bc52be9a119e35d410c8eacd53ac"},
]

[package.dependencies]
Django = ">=1.8"

[[package]]
name = "html5lib"
version = "0.999999999"
description = "HTML parser based on the WHATWG HTML specification"
category = "main"
optional = false
python-versions = "*"
files = [
    {file = "html5lib-0.999999999-py2.py3-none-any.whl", hash = "sha256:b8934484cf22f1db684c0fae27569a0db404d0208d20163fbf51cc537245d008"},
    {file = "html5lib-0.999999999.tar.gz", hash = "sha256:ee747c0ffd3028d2722061936b5c65ee4fe13c8e4613519b4447123fc4546298"},
]

[package.dependencies]
setuptools = ">=18.5"
six = "*"
webencodings = "*"

[package.extras]
all = ["chardet (>=2.2)", "datrie", "genshi", "lxml"]
chardet = ["chardet (>=2.2)"]
datrie = ["datrie"]
genshi = ["genshi"]
lxml = ["lxml"]

[[package]]
name = "humanfriendly"
version = "2.1"
description = "Human friendly output for text interfaces using Python"
category = "main"
optional = false
python-versions = "*"
files = [
    {file = "humanfriendly-2.1-py2.py3-none-any.whl", hash = "sha256:97c486e94841dfc78dcac98566c6d3217e0793f05d48c91a4aa70bda2ccb662d"},
    {file = "humanfriendly-2.1.tar.gz", hash = "sha256:ecbbb27444b3151a1d2e4366af938151597bdfe1a9d645595804df34e3e8c6ac"},
]

[[package]]
name = "idna"
version = "3.4"
description = "Internationalized Domain Names in Applications (IDNA)"
category = "main"
optional = false
python-versions = ">=3.5"
files = [
    {file = "idna-3.4-py3-none-any.whl", hash = "sha256:90b77e79eaa3eba6de819a0c442c0b4ceefc341a7a2ab77d7562bf49f425c5c2"},
    {file = "idna-3.4.tar.gz", hash = "sha256:814f528e8dead7d329833b91c5faa87d60bf71824cd12a7530b5526063d02cb4"},
]

[[package]]
name = "lxml"
version = "4.6.2"
description = "Powerful and Pythonic XML processing library combining libxml2/libxslt with the ElementTree API."
category = "main"
optional = false
python-versions = ">=2.7, !=3.0.*, !=3.1.*, !=3.2.*, !=3.3.*, != 3.4.*"
files = [
    {file = "lxml-4.6.2-cp36-cp36m-win_amd64.whl", hash = "sha256:6d17a5c50dbbcdb0e159182e1a98bb6204dcf324f988209417b14f07199f3f7e"},
]

[package.extras]
cssselect = ["cssselect (>=0.7)"]
html5 = ["html5lib"]
htmlsoup = ["BeautifulSoup4"]
source = ["Cython (>=0.29.7)"]

[package.source]
type = "file"
url = "whl/lxml-4.6.2-cp36-cp36m-win_amd64.whl"

[[package]]
name = "psycopg2"
version = "2.9.5"
description = "psycopg2 - Python-PostgreSQL Database Adapter"
category = "main"
optional = false
python-versions = ">=3.6"
files = [
    {file = "psycopg2-2.9.5-cp310-cp310-win32.whl", hash = "sha256:d3ef67e630b0de0779c42912fe2cbae3805ebaba30cda27fea2a3de650a9414f"},
    {file = "psycopg2-2.9.5-cp310-cp310-win_amd64.whl", hash = "sha256:4cb9936316d88bfab614666eb9e32995e794ed0f8f6b3b718666c22819c1d7ee"},
    {file = "psycopg2-2.9.5-cp311-cp311-win32.whl", hash = "sha256:093e3894d2d3c592ab0945d9eba9d139c139664dcf83a1c440b8a7aa9bb21955"},
    {file = "psycopg2-2.9.5-cp311-cp311-win_amd64.whl", hash = "sha256:920bf418000dd17669d2904472efeab2b20546efd0548139618f8fa305d1d7ad"},
    {file = "psycopg2-2.9.5-cp36-cp36m-win32.whl", hash = "sha256:b9ac1b0d8ecc49e05e4e182694f418d27f3aedcfca854ebd6c05bb1cffa10d6d"},
    {file = "psycopg2-2.9.5-cp36-cp36m-win_amd64.whl", hash = "sha256:fc04dd5189b90d825509caa510f20d1d504761e78b8dfb95a0ede180f71d50e5"},
    {file = "psycopg2-2.9.5-cp37-cp37m-win32.whl", hash = "sha256:922cc5f0b98a5f2b1ff481f5551b95cd04580fd6f0c72d9b22e6c0145a4840e0"},
    {file = "psycopg2-2.9.5-cp37-cp37m-win_amd64.whl", hash = "sha256:1e5a38aa85bd660c53947bd28aeaafb6a97d70423606f1ccb044a03a1203fe4a"},
    {file = "psycopg2-2.9.5-cp38-cp38-win32.whl", hash = "sha256:f5b6320dbc3cf6cfb9f25308286f9f7ab464e65cfb105b64cc9c52831748ced2"},
    {file = "psycopg2-2.9.5-cp38-cp38-win_amd64.whl", hash = "sha256:1a5c7d7d577e0eabfcf15eb87d1e19314c8c4f0e722a301f98e0e3a65e238b4e"},
    {file = "psycopg2-2.9.5-cp39-cp39-win32.whl", hash = "sha256:322fd5fca0b1113677089d4ebd5222c964b1760e361f151cbb2706c4912112c5"},
    {file = "psycopg2-2.9.5-cp39-cp39-win_amd64.whl", hash = "sha256:190d51e8c1b25a47484e52a79638a8182451d6f6dff99f26ad9bd81e5359a0fa"},
    {file = "psycopg2-2.9.5.tar.gz", hash = "sha256:a5246d2e683a972e2187a8714b5c2cf8156c064629f9a9b1a873c1730d9e245a"},
]

[[package]]
name = "py-cpuinfo"
version = "9.0.0"
description = "Get CPU info with pure Python"
category = "main"
optional = false
python-versions = "*"
files = [
    {file = "py-cpuinfo-9.0.0.tar.gz", hash = "sha256:3cdbbf3fac90dc6f118bfd64384f309edeadd902d7c8fb17f02ffa1fc3f49690"},
    {file = "py_cpuinfo-9.0.0-py3-none-any.whl", hash = "sha256:859625bc251f64e21f077d099d4162689c762b5d6a4c3c97553d56241c9674d5"},
]

[[package]]
name = "python-decouple"
version = "3.7"
description = "Strict separation of settings from code."
category = "main"
optional = false
python-versions = "*"
files = [
    {file = "python-decouple-3.7.tar.gz", hash = "sha256:e88a8d6bdf3b07d471a854099e455e20a6fa7a4d6ecf8631b250e3db654336e6"},
    {file = "python_decouple-3.7-py3-none-any.whl", hash = "sha256:1596dad2670cca5b1f87d087d9adb6a1958c590df346b85d4b19a9d6f0d52cef"},
]

[[package]]
name = "pytz"
version = "2016.7"
description = "World timezone definitions, modern and historical"
category = "main"
optional = false
python-versions = "*"
files = [
    {file = "pytz-2016.7-py2.py3-none-any.whl", hash = "sha256:c6fe748ed6c676d9404b47897cfb399c514fb7428298465c8a3310ee5a2a0ec9"},
    {file = "pytz-2016.7.tar.bz2", hash = "sha256:6eab31709e3a4aea748457707da45e805b650cbb352583805d2417de2a1dd71e"},
    {file = "pytz-2016.7.tar.gz", hash = "sha256:8787de03f35f31699bcaf127e56ad14c00647965ed24d72dbaca87c6e4f843a3"},
    {file = "pytz-2016.7.zip", hash = "sha256:054d9814d00254571cff84f6faedb25c046008322cbe51a6d5664c912b4f2929"},
]

[[package]]
name = "pyyaml"
version = "3.11"
description = "YAML parser and emitter for Python"
category = "main"
optional = false
python-versions = "*"
files = [
    {file = "PyYAML-3.11.tar.gz", hash = "sha256:c36c938a872e5ff494938b33b14aaa156cb439ec67548fcab3535bb78b0846e8"},
    {file = "PyYAML-3.11.zip", hash = "sha256:19bb3ac350ef878dda84a62d37c7d5c17a137386dde9c2ce7249c7a21d7f6ac9"},
]

[[package]]
name = "requests"
version = "2.27.1"
description = "Python HTTP for Humans."
category = "main"
optional = false
python-versions = ">=2.7, !=3.0.*, !=3.1.*, !=3.2.*, !=3.3.*, !=3.4.*, !=3.5.*"
files = [
    {file = "requests-2.27.1-py2.py3-none-any.whl", hash = "sha256:f22fa1e554c9ddfd16e6e41ac79759e17be9e492b3587efa038054674760e72d"},
    {file = "requests-2.27.1.tar.gz", hash = "sha256:68d7c56fd5a8999887728ef304a6d12edc7be74f1cfa47714fc8b414525c9a61"},
]

[package.dependencies]
certifi = ">=2017.4.17"
charset-normalizer = {version = ">=2.0.0,<2.1.0", markers = "python_version >= \"3\""}
idna = {version = ">=2.5,<4", markers = "python_version >= \"3\""}
urllib3 = ">=1.21.1,<1.27"

[package.extras]
socks = ["PySocks (>=1.5.6,!=1.5.7)", "win-inet-pton"]
use-chardet-on-py3 = ["chardet (>=3.0.2,<5)"]

[[package]]
name = "selenium"
version = "2.53.6"
description = "Python bindings for Selenium"
category = "main"
optional = false
python-versions = "*"
files = [
    {file = "selenium-2.53.6-py2.py3-none-any.whl", hash = "sha256:5071f43daa2e698d60d5633ab0a6630cc68a852b360be99144f1c4c1ace2746c"},
    {file = "selenium-2.53.6.tar.gz", hash = "sha256:f507181f13768d73b98dd9647a466ea5758ef5c7f07b62a285d2bd8de9b27016"},
]

[[package]]
name = "setuptools"
version = "59.6.0"
description = "Easily download, build, install, upgrade, and uninstall Python packages"
category = "main"
optional = false
python-versions = ">=3.6"
files = [
    {file = "setuptools-59.6.0-py3-none-any.whl", hash = "sha256:4ce92f1e1f8f01233ee9952c04f6b81d1e02939d6e1b488428154974a4d0783e"},
    {file = "setuptools-59.6.0.tar.gz", hash = "sha256:22c7348c6d2976a52632c67f7ab0cdf40147db7789f9aed18734643fe9cf3373"},
]

[package.extras]
docs = ["furo", "jaraco.packaging (>=8.2)", "jaraco.tidelift (>=1.4)", "pygments-github-lexers (==0.0.5)", "rst.linker (>=1.9)", "sphinx", "sphinx-inline-tabs", "sphinxcontrib-towncrier"]
testing = ["flake8-2020", "jaraco.envs (>=2.2)", "jaraco.path (>=3.2.0)", "mock", "paver", "pip (>=19.1)", "pytest (>=6)", "pytest-black (>=0.3.7)", "pytest-checkdocs (>=2.4)", "pytest-cov", "pytest-enabler (>=1.0.1)", "pytest-flake8", "pytest-mypy", "pytest-virtualenv (>=1.2.7)", "pytest-xdist", "sphinx", "virtualenv (>=13.0.0)", "wheel"]

[[package]]
name = "six"
version = "1.16.0"
description = "Python 2 and 3 compatibility utilities"
category = "main"
optional = false
python-versions = ">=2.7, !=3.0.*, !=3.1.*, !=3.2.*"
files = [
    {file = "six-1.16.0-py2.py3-none-any.whl", hash = "sha256:8abb2f1d86890a2dfb989f9a77cfcfd3e47c2a354b01111771326f8aa26e0254"},
    {file = "six-1.16.0.tar.gz", hash = "sha256:1e61c37477a1626458e36f7b1d82aa5c9b094fa4802892072e49de9c60c4c926"},
]

[[package]]
name = "sqlparse"
version = "0.4.3"
description = "A non-validating SQL parser."
category = "main"
optional = false
python-versions = ">=3.5"
files = [
    {file = "sqlparse-0.4.3-py3-none-any.whl", hash = "sha256:0323c0ec29cd52bceabc1b4d9d579e311f3e4961b98d174201d5622a23b85e34"},
    {file = "sqlparse-0.4.3.tar.gz", hash = "sha256:69ca804846bb114d2ec380e4360a8a340db83f0ccf3afceeb1404df028f57268"},
]

[[package]]
name = "urllib3"
version = "1.26.14"
description = "HTTP library with thread-safe connection pooling, file post, and more."
category = "main"
optional = false
python-versions = ">=2.7, !=3.0.*, !=3.1.*, !=3.2.*, !=3.3.*, !=3.4.*, !=3.5.*"
files = [
    {file = "urllib3-1.26.14-py2.py3-none-any.whl", hash = "sha256:75edcdc2f7d85b137124a6c3c9fc3933cdeaa12ecb9a6a959f22797a0feca7e1"},
    {file = "urllib3-1.26.14.tar.gz", hash = "sha256:076907bf8fd355cde77728471316625a4d2f7e713c125f51953bb5b3eecf4f72"},
]

[package.extras]
brotli = ["brotli (>=1.0.9)", "brotlicffi (>=0.8.0)", "brotlipy (>=0.6.0)"]
secure = ["certifi", "cryptography (>=1.3.4)", "idna (>=2.0.0)", "ipaddress", "pyOpenSSL (>=0.14)", "urllib3-secure-extra"]
socks = ["PySocks (>=1.5.6,!=1.5.7,<2.0)"]

[[package]]
name = "webencodings"
version = "0.5.1"
description = "Character encoding aliases for legacy web content"
category = "main"
optional = false
python-versions = "*"
files = [
    {file = "webencodings-0.5.1-py2.py3-none-any.whl", hash = "sha256:a0af1213f3c2226497a97e2b3aa01a7e4bee4f403f95be16fc9acd2947514a78"},
    {file = "webencodings-0.5.1.tar.gz", hash = "sha256:b36a1c245f2d304965eb4e0a82848379241dc04b865afcc4aab16748587e1923"},
]

[metadata]
lock-version = "2.0"
python-versions = "3.6.5"
content-hash = "128ca434bd718367a1dd329c184959df636865f35512d2fcc67d45a936f8c93f"
